lockfileVersion: '9.0'

settings:
  autoInstallPeers: true
  excludeLinksFromLockfile: false

importers:

  .:
    dependencies:
      serialize-error:
        specifier: ^13.0.1
        version: 13.0.1
    devDependencies:
      '@tsconfig/node24':
        specifier: ^24.0.4
        version: 24.0.4
      '@tsconfig/strictest':
        specifier: ^2.0.8
        version: 2.0.8
      '@types/node':
        specifier: ^24.0.0
        version: 24.10.1
      typescript:
        specifier: ^5.8.0
        version: 5.9.3

packages:

  '@tsconfig/node24@24.0.4':
    resolution: {integrity: sha512-2A933l5P5oCbv6qSxHs7ckKwobs8BDAe9SJ/Xr2Hy+nDlwmLE1GhFh/g/vXGRZWgxBg9nX/5piDtHR9Dkw/XuA==}

  '@tsconfig/strictest@2.0.8':
    resolution: {integrity: sha512-XnQ7vNz5HRN0r88GYf1J9JJjqtZPiHt2woGJOo2dYqyHGGcd6OLGqSlBB6p1j9mpzja6Oe5BoPqWmeDx6X9rLw==}

  '@types/node@24.10.1':
    resolution: {integrity: sha512-GNWcUTRBgIRJD5zj+Tq0fKOJ5XZajIiBroOF0yvj2bSU1WvNdYS/dn9UxwsujGW4JX06dnHyjV2y9rRaybH0iQ==}

  non-error@0.1.0:
    resolution: {integrity: sha512-TMB1uHiGsHRGv1uYclfhivcnf0/PdFp2pNqRxXjncaAsjYMoisaQJI+SSZCqRq+VliwRTC8tsMQfmrWjDMhkPQ==}
    engines: {node: '>=20'}

  serialize-error@13.0.1:
    resolution: {integrity: sha512-bBZaRwLH9PN5HbLCjPId4dP5bNGEtumcErgOX952IsvOhVPrm3/AeK1y0UHA/QaPG701eg0yEnOKsCOC6X/kaA==}
    engines: {node: '>=20'}

  tagged-tag@1.0.0:
    resolution: {integrity: sha512-yEFYrVhod+hdNyx7g5Bnkkb0G6si8HJurOoOEgC8B/O0uXLHlaey/65KRv6cuWBNhBgHKAROVpc7QyYqE5gFng==}
    engines: {node: '>=20'}

  type-fest@5.4.4:
    resolution: {integrity: sha512-JnTrzGu+zPV3aXIUhnyWJj4z/wigMsdYajGLIYakqyOW1nPllzXEJee0QQbHj+CTIQtXGlAjuK0UY+2xTyjVAw==}
    engines: {node: '>=20'}

  typescript@5.9.3:
    resolution: {integrity: sha512-jl1vZzPDinLr9eUt3J/t7V6FgNEw9QjvBPdysz9KfQDD41fQrC2Y4vKQdiaUpFT4bXlb1RHhLpp8wtm6M5TgSw==}
    engines: {node: '>=14.17'}
    hasBin: true

  undici-types@7.16.0:
    resolution: {integrity: sha512-Zz+aZWSj8LE6zoxD+xrjh4VfkIG8Ya6LvYkZqtUQGJPZjYl53ypCaUwWqo7eI0x66KBGeRo+mlBEkMSeSZ38Nw==}

snapshots:

  '@tsconfig/node24@24.0.4': {}

  '@tsconfig/strictest@2.0.8': {}

  '@types/node@24.10.1':
    dependencies:
      undici-types: 7.16.0

  non-error@0.1.0: {}

  serialize-error@13.0.1:
    dependencies:
      non-error: 0.1.0
      type-fest: 5.4.4

  tagged-tag@1.0.0: {}

  type-fest@5.4.4:
    dependencies:
      tagged-tag: 1.0.0

  typescript@5.9.3: {}

  undici-types@7.16.0: {}
